
Microsoft Visual Studio Solution File, Format Version 12.00
# Visual Studio Version 16
VisualStudioVersion = 16.0.31702.278
MinimumVisualStudioVersion = 10.0.40219.1
Project("{9A19103F-16F7-4668-BE54-9A1E7A4F7556}") = "SR3.API", "SR3.API\SR3.API.csproj", "{11EB2B18-7CDA-4A55-8E11-894447BCE8FA}"
EndProject
Project("{9A19103F-16F7-4668-BE54-9A1E7A4F7556}") = "SR3.PresentationConsole", "SR3.PresentationConsole\SR3.PresentationConsole.csproj", "{C8D8AFF2-9D62-471B-BE65-D5674768DFF9}"
EndProject
Project("{FAE04EC0-301F-11D3-BF4B-00C04F79EFBC}") = "SR3.DaraLayer", "SR3.DaraLayer\SR3.DaraLayer.csproj", "{BDB638DE-3918-4C2E-8106-E845CEAEBDC0}"
EndProject
Project("{FAE04EC0-301F-11D3-BF4B-00C04F79EFBC}") = "SR3.PresentationDesktop", "SR3.PresentationDesktop\SR3.PresentationDesktop.csproj", "{BD809234-6AA0-45E5-82B1-334C6BC9FC54}"
EndProject
Global
	GlobalSection(SolutionConfigurationPlatforms) = preSolution
		Debug|Any CPU = Debug|Any CPU
		Release|Any CPU = Release|Any CPU
	EndGlobalSection
	GlobalSection(ProjectConfigurationPlatforms) = postSolution
		{11EB2B18-7CDA-4A55-8E11-894447BCE8FA}.Debug|Any CPU.ActiveCfg = Debug|Any CPU
		{11EB2B18-7CDA-4A55-8E11-894447BCE8FA}.Debug|Any CPU.Build.0 = Debug|Any CPU
		{11EB2B18-7CDA-4A55-8E11-894447BCE8FA}.Release|Any CPU.ActiveCfg = Release|Any CPU
		{11EB2B18-7CDA-4A55-8E11-894447BCE8FA}.Release|Any CPU.Build.0 = Release|Any CPU
		{C8D8AFF2-9D62-471B-BE65-D5674768DFF9}.Debug|Any CPU.ActiveCfg = Debug|Any CPU
		{C8D8AFF2-9D62-471B-BE65-D5674768DFF9}.Debug|Any CPU.Build.0 = Debug|Any CPU
		{C8D8AFF2-9D62-471B-BE65-D5674768DFF9}.Release|Any CPU.ActiveCfg = Release|Any CPU
		{C8D8AFF2-9D62-471B-BE65-D5674768DFF9}.Release|Any CPU.Build.0 = Release|Any CPU
		{BDB638DE-3918-4C2E-8106-E845CEAEBDC0}.Debug|Any CPU.ActiveCfg = Debug|Any CPU
		{BDB638DE-3918-4C2E-8106-E845CEAEBDC0}.Debug|Any CPU.Build.0 = Debug|Any CPU
		{BDB638DE-3918-4C2E-8106-E845CEAEBDC0}.Release|Any CPU.ActiveCfg = Release|Any CPU
		{BDB638DE-3918-4C2E-8106-E845CEAEBDC0}.Release|Any CPU.Build.0 = Release|Any CPU
		{BD809234-6AA0-45E5-82B1-334C6BC9FC54}.Debug|Any CPU.ActiveCfg = Debug|Any CPU
		{BD809234-6AA0-45E5-82B1-334C6BC9FC54}.Debug|Any CPU.Build.0 = Debug|Any CPU
		{BD809234-6AA0-45E5-82B1-334C6BC9FC54}.Release|Any CPU.ActiveCfg = Release|Any CPU
		{BD809234-6AA0-45E5-82B1-334C6BC9FC54}.Release|Any CPU.Build.0 = Release|Any CPU
	EndGlobalSection
	GlobalSection(SolutionProperties) = preSolution
		HideSolutionNode = FALSE
	EndGlobalSection
	GlobalSection(ExtensibilityGlobals) = postSolution
		SolutionGuid = {E36D0F7D-E983-4FE4-AE97-7B02808D5CC1}
	EndGlobalSection
EndGlobal
